{
  "version": 4,
  "terraform_version": "1.13.4",
  "serial": 45,
  "lineage": "53ab8350-6647-e7d3-fc5b-802b02caba68",
  "outputs": {},
  "resources": [
    {
      "mode": "managed",
      "type": "azurerm_linux_virtual_machine",
      "name": "vm",
      "provider": "provider[\"registry.terraform.io/hashicorp/azurerm\"]",
      "instances": [
        {
          "schema_version": 0,
          "attributes": {
            "additional_capabilities": [],
            "admin_password": null,
            "admin_ssh_key": [
              {
                "public_key": "ssh-rsa AAAAB3NzaC1yc2EAAAADAQABAAACAQDhzYvHNPlb3HbwnzCKSjRsntxW1hC6yMcdxNuSB9zGSUVyIOqNJ4xxajEh97v7hUSe4CEIVYgktxybCibozqHK4Jx8UItQTrsJtU3joH/DQxlkWDywmXbCtgeKPDNclLBliStmHTLc8iQo/jRlQPJscJgr3ssRq4V82drC3rpH9x4o7GplEZBdCID/b+Lf2MMg6gEG6guMLldEUHgQi2jWqIbhayzkK933yPtfpmojI1LtCVwDzuIvT60wChzYu63wezHOOquCSVnmIcy/oq9E+S0Bi9K3WK1THBehDULBU6wgQUWrfk46SJYp92dgurPctwtQeGIMfYVtt7tyOrd5zbd7gi1Nsqhrzzv6qCJLnvUJxByCO2yRq6u5VmPZudLQiXKTmLDUW6KxDbvDP603WgQBIjxJv2dchyujFULS7dT2xqy9ECe+qR6Q+4U8B9RBDwerUwyBkcear6yWuVCNRBubTVc0hgIYvv6UTYNCRZNe6Zf7XKHzYTrRtyDtJxhQzOO3+sP7nI2RgfVn8UvakepizpCsFFwSP9ucZ/4vFhFqMdyCDXtsxFRyaJgMhqro0MrjSL6GeP+6fXTByGz923/8iKPXS/s0xeNFu/YkOyJZUxTHJZmDhYq342uooiQq/09Tk0c2+HEXNwTaW61yIE0jWRzxf3SFSKshi9K82Q== cristian@DESKTOP-9JGN5ID\r\n",
                "username": "azureuser"
              }
            ],
            "admin_username": "azureuser",
            "allow_extension_operations": true,
            "availability_set_id": "",
            "boot_diagnostics": [],
            "bypass_platform_safety_checks_on_user_schedule_enabled": false,
            "capacity_reservation_group_id": "",
            "computer_name": "vm-tfg-asir",
            "custom_data": null,
            "dedicated_host_group_id": "",
            "dedicated_host_id": "",
            "disable_password_authentication": true,
            "disk_controller_type": "SCSI",
            "edge_zone": "",
            "encryption_at_host_enabled": false,
            "eviction_policy": "",
            "extensions_time_budget": "PT1H30M",
            "gallery_application": [],
            "id": "/subscriptions/81fd99f2-9f5b-4535-95f1-783ea6b45f73/resourceGroups/rg-tfg-asir-prueba/providers/Microsoft.Compute/virtualMachines/vm-tfg-asir",
            "identity": [],
            "license_type": "",
            "location": "westeurope",
            "max_bid_price": -1,
            "name": "vm-tfg-asir",
            "network_interface_ids": [
              "/subscriptions/81fd99f2-9f5b-4535-95f1-783ea6b45f73/resourceGroups/rg-tfg-asir-prueba/providers/Microsoft.Network/networkInterfaces/nic-tfg-asir"
            ],
            "os_disk": [
              {
                "caching": "ReadWrite",
                "diff_disk_settings": [],
                "disk_encryption_set_id": "",
                "disk_size_gb": 30,
                "name": "vm-tfg-asir_OsDisk_1_2a27209888f94e75b4cf2bd45223bee0",
                "secure_vm_disk_encryption_set_id": "",
                "security_encryption_type": "",
                "storage_account_type": "Standard_LRS",
                "write_accelerator_enabled": false
              }
            ],
            "os_image_notification": [],
            "patch_assessment_mode": "ImageDefault",
            "patch_mode": "ImageDefault",
            "plan": [],
            "platform_fault_domain": -1,
            "priority": "Regular",
            "private_ip_address": "10.0.1.4",
            "private_ip_addresses": [
              "10.0.1.4"
            ],
            "provision_vm_agent": true,
            "proximity_placement_group_id": "",
            "public_ip_address": "",
            "public_ip_addresses": [],
            "reboot_setting": "",
            "resource_group_name": "rg-tfg-asir-prueba",
            "secret": [],
            "secure_boot_enabled": false,
            "size": "Standard_B1s",
            "source_image_id": "",
            "source_image_reference": [
              {
                "offer": "0001-com-ubuntu-server-focal",
                "publisher": "Canonical",
                "sku": "20_04-lts-gen2",
                "version": "latest"
              }
            ],
            "tags": {
              "Proyecto": "TFG ASIR"
            },
            "termination_notification": null,
            "timeouts": null,
            "user_data": "",
            "virtual_machine_id": "7c54f818-e37a-4e61-878c-7485fec483c0",
            "virtual_machine_scale_set_id": "",
            "vm_agent_platform_updates_enabled": false,
            "vtpm_enabled": false,
            "zone": ""
          },
          "sensitive_attributes": [
            [
              {
                "type": "get_attr",
                "value": "admin_password"
              }
            ],
            [
              {
                "type": "get_attr",
                "value": "custom_data"
              }
            ]
          ],
          "identity_schema_version": 0,
          "private": "eyJlMmJmYjczMC1lY2FhLTExZTYtOGY4OC0zNDM2M2JjN2M0YzAiOnsiY3JlYXRlIjoyNzAwMDAwMDAwMDAwLCJkZWxldGUiOjI3MDAwMDAwMDAwMDAsInJlYWQiOjMwMDAwMDAwMDAwMCwidXBkYXRlIjoyNzAwMDAwMDAwMDAwfX0=",
          "dependencies": [
            "azurerm_network_interface.nic",
            "azurerm_resource_group.rg_proyecto",
            "azurerm_subnet.subnet",
            "azurerm_virtual_network.vnet"
          ]
        }
      ]
    },
    {
      "mode": "managed",
      "type": "azurerm_network_interface",
      "name": "nic",
      "provider": "provider[\"registry.terraform.io/hashicorp/azurerm\"]",
      "instances": [
        {
          "schema_version": 0,
          "attributes": {
            "accelerated_networking_enabled": false,
            "applied_dns_servers": [],
            "auxiliary_mode": "",
            "auxiliary_sku": "",
            "dns_servers": [],
            "edge_zone": "",
            "enable_accelerated_networking": false,
            "enable_ip_forwarding": false,
            "id": "/subscriptions/81fd99f2-9f5b-4535-95f1-783ea6b45f73/resourceGroups/rg-tfg-asir-prueba/providers/Microsoft.Network/networkInterfaces/nic-tfg-asir",
            "internal_dns_name_label": "",
            "internal_domain_name_suffix": "4xsekc2jp3tehp4kopnbo3jdyg.ax.internal.cloudapp.net",
            "ip_configuration": [
              {
                "gateway_load_balancer_frontend_ip_configuration_id": "",
                "name": "internal",
                "primary": true,
                "private_ip_address": "10.0.1.4",
                "private_ip_address_allocation": "Dynamic",
                "private_ip_address_version": "IPv4",
                "public_ip_address_id": "",
                "subnet_id": "/subscriptions/81fd99f2-9f5b-4535-95f1-783ea6b45f73/resourceGroups/rg-tfg-asir-prueba/providers/Microsoft.Network/virtualNetworks/vnet-tfg-asir/subnets/subnet-tfg-asir"
              }
            ],
            "ip_forwarding_enabled": false,
            "location": "westeurope",
            "mac_address": "",
            "name": "nic-tfg-asir",
            "private_ip_address": "10.0.1.4",
            "private_ip_addresses": [
              "10.0.1.4"
            ],
            "resource_group_name": "rg-tfg-asir-prueba",
            "tags": {},
            "timeouts": null,
            "virtual_machine_id": ""
          },
          "sensitive_attributes": [],
          "identity_schema_version": 0,
          "private": "eyJlMmJmYjczMC1lY2FhLTExZTYtOGY4OC0zNDM2M2JjN2M0YzAiOnsiY3JlYXRlIjoxODAwMDAwMDAwMDAwLCJkZWxldGUiOjE4MDAwMDAwMDAwMDAsInJlYWQiOjMwMDAwMDAwMDAwMCwidXBkYXRlIjoxODAwMDAwMDAwMDAwfX0=",
          "dependencies": [
            "azurerm_resource_group.rg_proyecto",
            "azurerm_subnet.subnet",
            "azurerm_virtual_network.vnet"
          ]
        }
      ]
    },
    {
      "mode": "managed",
      "type": "azurerm_network_interface_security_group_association",
      "name": "nsg_nic",
      "provider": "provider[\"registry.terraform.io/hashicorp/azurerm\"]",
      "instances": [
        {
          "schema_version": 0,
          "attributes": {
            "id": "/subscriptions/81fd99f2-9f5b-4535-95f1-783ea6b45f73/resourceGroups/rg-tfg-asir-prueba/providers/Microsoft.Network/networkInterfaces/nic-tfg-asir|/subscriptions/81fd99f2-9f5b-4535-95f1-783ea6b45f73/resourceGroups/rg-tfg-asir-prueba/providers/Microsoft.Network/networkSecurityGroups/nsg-tfg-asir",
            "network_interface_id": "/subscriptions/81fd99f2-9f5b-4535-95f1-783ea6b45f73/resourceGroups/rg-tfg-asir-prueba/providers/Microsoft.Network/networkInterfaces/nic-tfg-asir",
            "network_security_group_id": "/subscriptions/81fd99f2-9f5b-4535-95f1-783ea6b45f73/resourceGroups/rg-tfg-asir-prueba/providers/Microsoft.Network/networkSecurityGroups/nsg-tfg-asir",
            "timeouts": null
          },
          "sensitive_attributes": [],
          "identity_schema_version": 0,
          "private": "eyJlMmJmYjczMC1lY2FhLTExZTYtOGY4OC0zNDM2M2JjN2M0YzAiOnsiY3JlYXRlIjoxODAwMDAwMDAwMDAwLCJkZWxldGUiOjE4MDAwMDAwMDAwMDAsInJlYWQiOjMwMDAwMDAwMDAwMH19",
          "dependencies": [
            "azurerm_network_interface.nic",
            "azurerm_network_security_group.nsg",
            "azurerm_resource_group.rg_proyecto",
            "azurerm_subnet.subnet",
            "azurerm_virtual_network.vnet"
          ]
        }
      ]
    },
    {
      "mode": "managed",
      "type": "azurerm_network_security_group",
      "name": "nsg",
      "provider": "provider[\"registry.terraform.io/hashicorp/azurerm\"]",
      "instances": [
        {
          "schema_version": 0,
          "attributes": {
            "id": "/subscriptions/81fd99f2-9f5b-4535-95f1-783ea6b45f73/resourceGroups/rg-tfg-asir-prueba/providers/Microsoft.Network/networkSecurityGroups/nsg-tfg-asir",
            "location": "westeurope",
            "name": "nsg-tfg-asir",
            "resource_group_name": "rg-tfg-asir-prueba",
            "security_rule": [
              {
                "access": "Allow",
                "description": "",
                "destination_address_prefix": "*",
                "destination_address_prefixes": [],
                "destination_application_security_group_ids": [],
                "destination_port_range": "22",
                "destination_port_ranges": [],
                "direction": "Inbound",
                "name": "SSH",
                "priority": 1001,
                "protocol": "Tcp",
                "source_address_prefix": "*",
                "source_address_prefixes": [],
                "source_application_security_group_ids": [],
                "source_port_range": "*",
                "source_port_ranges": []
              }
            ],
            "tags": {},
            "timeouts": null
          },
          "sensitive_attributes": [],
          "identity_schema_version": 0,
          "private": "eyJlMmJmYjczMC1lY2FhLTExZTYtOGY4OC0zNDM2M2JjN2M0YzAiOnsiY3JlYXRlIjoxODAwMDAwMDAwMDAwLCJkZWxldGUiOjE4MDAwMDAwMDAwMDAsInJlYWQiOjMwMDAwMDAwMDAwMCwidXBkYXRlIjoxODAwMDAwMDAwMDAwfX0=",
          "dependencies": [
            "azurerm_resource_group.rg_proyecto"
          ]
        }
      ]
    },
    {
      "mode": "managed",
      "type": "azurerm_resource_group",
      "name": "rg_proyecto",
      "provider": "provider[\"registry.terraform.io/hashicorp/azurerm\"]",
      "instances": [
        {
          "schema_version": 0,
          "attributes": {
            "id": "/subscriptions/81fd99f2-9f5b-4535-95f1-783ea6b45f73/resourceGroups/rg-tfg-asir-prueba",
            "location": "westeurope",
            "managed_by": "",
            "name": "rg-tfg-asir-prueba",
            "tags": {
              "Entorno": "Desarrollo",
              "Proyecto": "TFG ASIR"
            },
            "timeouts": null
          },
          "sensitive_attributes": [],
          "identity_schema_version": 0,
          "private": "eyJlMmJmYjczMC1lY2FhLTExZTYtOGY4OC0zNDM2M2JjN2M0YzAiOnsiY3JlYXRlIjo1NDAwMDAwMDAwMDAwLCJkZWxldGUiOjU0MDAwMDAwMDAwMDAsInJlYWQiOjMwMDAwMDAwMDAwMCwidXBkYXRlIjo1NDAwMDAwMDAwMDAwfX0="
        }
      ]
    },
    {
      "mode": "managed",
      "type": "azurerm_subnet",
      "name": "subnet",
      "provider": "provider[\"registry.terraform.io/hashicorp/azurerm\"]",
      "instances": [
        {
          "schema_version": 0,
          "attributes": {
            "address_prefixes": [
              "10.0.1.0/24"
            ],
            "default_outbound_access_enabled": true,
            "delegation": [],
            "enforce_private_link_endpoint_network_policies": false,
            "enforce_private_link_service_network_policies": false,
            "id": "/subscriptions/81fd99f2-9f5b-4535-95f1-783ea6b45f73/resourceGroups/rg-tfg-asir-prueba/providers/Microsoft.Network/virtualNetworks/vnet-tfg-asir/subnets/subnet-tfg-asir",
            "name": "subnet-tfg-asir",
            "private_endpoint_network_policies": "Enabled",
            "private_endpoint_network_policies_enabled": true,
            "private_link_service_network_policies_enabled": true,
            "resource_group_name": "rg-tfg-asir-prueba",
            "service_endpoint_policy_ids": [],
            "service_endpoints": [],
            "timeouts": null,
            "virtual_network_name": "vnet-tfg-asir"
          },
          "sensitive_attributes": [],
          "identity_schema_version": 0,
          "private": "eyJlMmJmYjczMC1lY2FhLTExZTYtOGY4OC0zNDM2M2JjN2M0YzAiOnsiY3JlYXRlIjoxODAwMDAwMDAwMDAwLCJkZWxldGUiOjE4MDAwMDAwMDAwMDAsInJlYWQiOjMwMDAwMDAwMDAwMCwidXBkYXRlIjoxODAwMDAwMDAwMDAwfX0=",
          "dependencies": [
            "azurerm_resource_group.rg_proyecto",
            "azurerm_virtual_network.vnet"
          ]
        }
      ]
    },
    {
      "mode": "managed",
      "type": "azurerm_virtual_network",
      "name": "vnet",
      "provider": "provider[\"registry.terraform.io/hashicorp/azurerm\"]",
      "instances": [
        {
          "schema_version": 0,
          "attributes": {
            "address_space": [
              "10.0.0.0/16"
            ],
            "bgp_community": "",
            "ddos_protection_plan": [],
            "dns_servers": [],
            "edge_zone": "",
            "encryption": [],
            "flow_timeout_in_minutes": 0,
            "guid": "0b45e4f5-7f89-4366-bfca-73da177523c6",
            "id": "/subscriptions/81fd99f2-9f5b-4535-95f1-783ea6b45f73/resourceGroups/rg-tfg-asir-prueba/providers/Microsoft.Network/virtualNetworks/vnet-tfg-asir",
            "location": "westeurope",
            "name": "vnet-tfg-asir",
            "resource_group_name": "rg-tfg-asir-prueba",
            "subnet": [
              {
                "address_prefix": "10.0.1.0/24",
                "id": "/subscriptions/81fd99f2-9f5b-4535-95f1-783ea6b45f73/resourceGroups/rg-tfg-asir-prueba/providers/Microsoft.Network/virtualNetworks/vnet-tfg-asir/subnets/subnet-tfg-asir",
                "name": "subnet-tfg-asir",
                "security_group": ""
              }
            ],
            "tags": {
              "Proyecto": "TFG ASIR"
            },
            "timeouts": null
          },
          "sensitive_attributes": [],
          "identity_schema_version": 0,
          "private": "eyJlMmJmYjczMC1lY2FhLTExZTYtOGY4OC0zNDM2M2JjN2M0YzAiOnsiY3JlYXRlIjoxODAwMDAwMDAwMDAwLCJkZWxldGUiOjE4MDAwMDAwMDAwMDAsInJlYWQiOjMwMDAwMDAwMDAwMCwidXBkYXRlIjoxODAwMDAwMDAwMDAwfX0=",
          "dependencies": [
            "azurerm_resource_group.rg_proyecto"
          ]
        }
      ]
    }
  ],
  "check_results": null
}
